
Microsoft Visual Studio Solution File, Format Version 12.00
# Visual Studio Version 17
VisualStudioVersion = 17.2.32630.192
MinimumVisualStudioVersion = 10.0.40219.1
Project("{9A19103F-16F7-4668-BE54-9A1E7A4F7556}") = "ConsoleLabirint", "ConsoleLabirint\ConsoleLabirint.csproj", "{D5DDB99D-5E36-41BD-8C9C-E6BADD74D5A2}"
EndProject
Global
	GlobalSection(SolutionConfigurationPlatforms) = preSolution
		Debug|Any CPU = Debug|Any CPU
		Release|Any CPU = Release|Any CPU
	EndGlobalSection
	GlobalSection(ProjectConfigurationPlatforms) = postSolution
		{D5DDB99D-5E36-41BD-8C9C-E6BADD74D5A2}.Debug|Any CPU.ActiveCfg = Debug|Any CPU
		{D5DDB99D-5E36-41BD-8C9C-E6BADD74D5A2}.Debug|Any CPU.Build.0 = Debug|Any CPU
		{D5DDB99D-5E36-41BD-8C9C-E6BADD74D5A2}.Release|Any CPU.ActiveCfg = Release|Any CPU
		{D5DDB99D-5E36-41BD-8C9C-E6BADD74D5A2}.Release|Any CPU.Build.0 = Release|Any CPU
	EndGlobalSection
	GlobalSection(SolutionProperties) = preSolution
		HideSolutionNode = FALSE
	EndGlobalSection
	GlobalSection(ExtensibilityGlobals) = postSolution
		SolutionGuid = {40649E0E-A0DA-4544-8AF0-5C98B6D2AB29}
	EndGlobalSection
EndGlobal
